Microsoft Visual Studio Solution File, Format Version 12.00
# Visual Studio Version 17
VisualStudioVersion = 17.5.2.0
MinimumVisualStudioVersion = 10.0.40219.1
Project("{2150E333-8FDC-42A3-9474-1A3956D46DE8}") = "Project", "Project", "{EB1B1211-640D-0C76-A929-990D115248FD}"
EndProject
Project("{2150E333-8FDC-42A3-9474-1A3956D46DE8}") = "TelecomCustomerSupportSystem", "TelecomCustomerSupportSystem", "{0425CD74-C9B6-3BF6-AD9D-673521139286}"
EndProject
Project("{2150E333-8FDC-42A3-9474-1A3956D46DE8}") = "backend", "backend", "{43EDF6C3-E55F-A439-B6D8-B920080DDC6A}"
EndProject
Project("{FAE04EC0-301F-11D3-BF4B-00C04F79EFBC}") = "TelecomCustomerSupportSystem.API", "Project\TelecomCustomerSupportSystem\backend\TelecomCustomerSupportSystem.API\TelecomCustomerSupportSystem.API.csproj", "{D932FCBC-A796-7D2C-9362-31A25F2AD5D4}"
EndProject
Project("{FAE04EC0-301F-11D3-BF4B-00C04F79EFBC}") = "TelecomCustomerSupportSystem.Infrastructure", "Project\TelecomCustomerSupportSystem\backend\TelecomCustomerSupportSystem.Infrastructure\TelecomCustomerSupportSystem.Infrastructure.csproj", "{D905535E-C54D-CB7D-AE49-07C72C814487}"
EndProject
Project("{FAE04EC0-301F-11D3-BF4B-00C04F79EFBC}") = "TelecomCustomerSupportSystem.Application", "Project\TelecomCustomerSupportSystem\backend\TelecomCustomerSupportSystem.Application\TelecomCustomerSupportSystem.Application.csproj", "{A5880E90-580A-238B-C589-63146218D413}"
EndProject
Project("{FAE04EC0-301F-11D3-BF4B-00C04F79EFBC}") = "TelecomCustomerSupportSystem.Domain", "Project\TelecomCustomerSupportSystem\backend\TelecomCustomerSupportSystem.Domain\TelecomCustomerSupportSystem.Domain.csproj", "{C1A429EB-A8B6-7848-3BE8-98A51CFEC109}"
EndProject
Global
	GlobalSection(SolutionConfigurationPlatforms) = preSolution
		Debug|Any CPU = Debug|Any CPU
		Release|Any CPU = Release|Any CPU
	EndGlobalSection
	GlobalSection(ProjectConfigurationPlatforms) = postSolution
		{D932FCBC-A796-7D2C-9362-31A25F2AD5D4}.Debug|Any CPU.ActiveCfg = Debug|Any CPU
		{D932FCBC-A796-7D2C-9362-31A25F2AD5D4}.Debug|Any CPU.Build.0 = Debug|Any CPU
		{D932FCBC-A796-7D2C-9362-31A25F2AD5D4}.Release|Any CPU.ActiveCfg = Release|Any CPU
		{D932FCBC-A796-7D2C-9362-31A25F2AD5D4}.Release|Any CPU.Build.0 = Release|Any CPU
		{D905535E-C54D-CB7D-AE49-07C72C814487}.Debug|Any CPU.ActiveCfg = Debug|Any CPU
		{D905535E-C54D-CB7D-AE49-07C72C814487}.Debug|Any CPU.Build.0 = Debug|Any CPU
		{D905535E-C54D-CB7D-AE49-07C72C814487}.Release|Any CPU.ActiveCfg = Release|Any CPU
		{D905535E-C54D-CB7D-AE49-07C72C814487}.Release|Any CPU.Build.0 = Release|Any CPU
		{A5880E90-580A-238B-C589-63146218D413}.Debug|Any CPU.ActiveCfg = Debug|Any CPU
		{A5880E90-580A-238B-C589-63146218D413}.Debug|Any CPU.Build.0 = Debug|Any CPU
		{A5880E90-580A-238B-C589-63146218D413}.Release|Any CPU.ActiveCfg = Release|Any CPU
		{A5880E90-580A-238B-C589-63146218D413}.Release|Any CPU.Build.0 = Release|Any CPU
		{C1A429EB-A8B6-7848-3BE8-98A51CFEC109}.Debug|Any CPU.ActiveCfg = Debug|Any CPU
		{C1A429EB-A8B6-7848-3BE8-98A51CFEC109}.Debug|Any CPU.Build.0 = Debug|Any CPU
		{C1A429EB-A8B6-7848-3BE8-98A51CFEC109}.Release|Any CPU.ActiveCfg = Release|Any CPU
		{C1A429EB-A8B6-7848-3BE8-98A51CFEC109}.Release|Any CPU.Build.0 = Release|Any CPU
	EndGlobalSection
	GlobalSection(SolutionProperties) = preSolution
		HideSolutionNode = FALSE
	EndGlobalSection
	GlobalSection(NestedProjects) = preSolution
		{0425CD74-C9B6-3BF6-AD9D-673521139286} = {EB1B1211-640D-0C76-A929-990D115248FD}
		{43EDF6C3-E55F-A439-B6D8-B920080DDC6A} = {0425CD74-C9B6-3BF6-AD9D-673521139286}
		{D932FCBC-A796-7D2C-9362-31A25F2AD5D4} = {43EDF6C3-E55F-A439-B6D8-B920080DDC6A}
		{D905535E-C54D-CB7D-AE49-07C72C814487} = {43EDF6C3-E55F-A439-B6D8-B920080DDC6A}
		{A5880E90-580A-238B-C589-63146218D413} = {43EDF6C3-E55F-A439-B6D8-B920080DDC6A}
		{C1A429EB-A8B6-7848-3BE8-98A51CFEC109} = {43EDF6C3-E55F-A439-B6D8-B920080DDC6A}
	EndGlobalSection
	GlobalSection(ExtensibilityGlobals) = postSolution
		SolutionGuid = {A21C4FAD-76AF-424C-A0C6-46D2DD8A8342}
	EndGlobalSection
EndGlobal
